
Microsoft Visual Studio Solution File, Format Version 12.00
# Visual Studio Version 17
VisualStudioVersion = 17.9.34701.34
MinimumVisualStudioVersion = 10.0.40219.1
Project("{8BC9CEB8-8B4A-11D0-8D11-00A0C91BC942}") = "gapythonbt19", "gapythonbt19\gapythonbt19.vcxproj", "{B6EC5250-08CE-4A5A-BD7A-3A850A98334E}"
EndProject
Global
	GlobalSection(SolutionConfigurationPlatforms) = preSolution
		Debug|x64 = Debug|x64
		Debug|x86 = Debug|x86
		Release|x64 = Release|x64
		Release|x86 = Release|x86
	EndGlobalSection
	GlobalSection(ProjectConfigurationPlatforms) = postSolution
		{B6EC5250-08CE-4A5A-BD7A-3A850A98334E}.Debug|x64.ActiveCfg = Debug|x64
		{B6EC5250-08CE-4A5A-BD7A-3A850A98334E}.Debug|x64.Build.0 = Debug|x64
		{B6EC5250-08CE-4A5A-BD7A-3A850A98334E}.Debug|x86.ActiveCfg = Debug|Win32
		{B6EC5250-08CE-4A5A-BD7A-3A850A98334E}.Debug|x86.Build.0 = Debug|Win32
		{B6EC5250-08CE-4A5A-BD7A-3A850A98334E}.Release|x64.ActiveCfg = Release|x64
		{B6EC5250-08CE-4A5A-BD7A-3A850A98334E}.Release|x64.Build.0 = Release|x64
		{B6EC5250-08CE-4A5A-BD7A-3A850A98334E}.Release|x86.ActiveCfg = Release|Win32
		{B6EC5250-08CE-4A5A-BD7A-3A850A98334E}.Release|x86.Build.0 = Release|Win32
	EndGlobalSection
	GlobalSection(SolutionProperties) = preSolution
		HideSolutionNode = FALSE
	EndGlobalSection
	GlobalSection(ExtensibilityGlobals) = postSolution
		SolutionGuid = {B491BC25-59C7-4E75-8F3C-43C227C4AC29}
	EndGlobalSection
EndGlobal
